lockfileVersion: '6.0'

settings:
  autoInstallPeers: true
  excludeLinksFromLockfile: false

dependencies:
  imap:
    specifier: ^0.8.19
    version: registry.npmmirror.com/imap@0.8.19
  mailparser:
    specifier: ^3.6.5
    version: registry.npmmirror.com/mailparser@3.6.5
  nodemailer:
    specifier: ^6.9.5
    version: registry.npmmirror.com/nodemailer@6.9.5

packages:

  registry.npmmirror.com/@selderee/plugin-htmlparser2@0.11.0:
    resolution: {integrity: sha512-P33hHGdldxGabLFjPPpaTxVolMrzrcegejx+0GxjrIb9Zv48D8yAIA/QTDR2dFl7Uz7urX8aX6+5bCZslr+gWQ==, registry: https://registry.npm.taobao.org/, tarball: https://registry.npmmirror.com/@selderee/plugin-htmlparser2/-/plugin-htmlparser2-0.11.0.tgz}
    name: '@selderee/plugin-htmlparser2'
    version: 0.11.0
    dependencies:
      domhandler: registry.npmmirror.com/domhandler@5.0.3
      selderee: registry.npmmirror.com/selderee@0.11.0
    dev: false

  registry.npmmirror.com/core-util-is@1.0.3:
    resolution: {integrity: sha512-ZQBvi1DcpJ4GDqanjucZ2Hj3wEO5pZDS89BWbkcrvdxksJorwUDDZamX9ldFkp9aw2lmBDLgkObEA4DWNJ9FYQ==, registry: https://registry.npm.taobao.org/, tarball: https://registry.npmmirror.com/core-util-is/-/core-util-is-1.0.3.tgz}
    name: core-util-is
    version: 1.0.3
    dev: false

  registry.npmmirror.com/deepmerge@4.3.1:
    resolution: {integrity: sha512-3sUqbMEc77XqpdNO7FRyRog+eW3ph+GYCbj+rK+uYyRMuwsVy0rMiVtPn+QJlKFvWP/1PYpapqYn0Me2knFn+A==, registry: https://registry.npm.taobao.org/, tarball: https://registry.npmmirror.com/deepmerge/-/deepmerge-4.3.1.tgz}
    name: deepmerge
    version: 4.3.1
    engines: {node: '>=0.10.0'}
    dev: false

  registry.npmmirror.com/dom-serializer@2.0.0:
    resolution: {integrity: sha512-wIkAryiqt/nV5EQKqQpo3SToSOV9J0DnbJqwK7Wv/Trc92zIAYZ4FlMu+JPFW1DfGFt81ZTCGgDEabffXeLyJg==, registry: https://registry.npm.taobao.org/, tarball: https://registry.npmmirror.com/dom-serializer/-/dom-serializer-2.0.0.tgz}
    name: dom-serializer
    version: 2.0.0
    dependencies:
      domelementtype: registry.npmmirror.com/domelementtype@2.3.0
      domhandler: registry.npmmirror.com/domhandler@5.0.3
      entities: registry.npmmirror.com/entities@4.5.0
    dev: false

  registry.npmmirror.com/domelementtype@2.3.0:
    resolution: {integrity: sha512-OLETBj6w0OsagBwdXnPdN0cnMfF9opN69co+7ZrbfPGrdpPVNBUj02spi6B1N7wChLQiPn4CSH/zJvXw56gmHw==, registry: https://registry.npm.taobao.org/, tarball: https://registry.npmmirror.com/domelementtype/-/domelementtype-2.3.0.tgz}
    name: domelementtype
    version: 2.3.0
    dev: false

  registry.npmmirror.com/domhandler@5.0.3:
    resolution: {integrity: sha512-cgwlv/1iFQiFnU96XXgROh8xTeetsnJiDsTc7TYCLFd9+/WNkIqPTxiM/8pSd8VIrhXGTf1Ny1q1hquVqDJB5w==, registry: https://registry.npm.taobao.org/, tarball: https://registry.npmmirror.com/domhandler/-/domhandler-5.0.3.tgz}
    name: domhandler
    version: 5.0.3
    engines: {node: '>= 4'}
    dependencies:
      domelementtype: registry.npmmirror.com/domelementtype@2.3.0
    dev: false

  registry.npmmirror.com/domutils@3.1.0:
    resolution: {integrity: sha512-H78uMmQtI2AhgDJjWeQmHwJJ2bLPD3GMmO7Zja/ZZh84wkm+4ut+IUnUdRa8uCGX88DiVx1j6FRe1XfxEgjEZA==, registry: https://registry.npm.taobao.org/, tarball: https://registry.npmmirror.com/domutils/-/domutils-3.1.0.tgz}
    name: domutils
    version: 3.1.0
    dependencies:
      dom-serializer: registry.npmmirror.com/dom-serializer@2.0.0
      domelementtype: registry.npmmirror.com/domelementtype@2.3.0
      domhandler: registry.npmmirror.com/domhandler@5.0.3
    dev: false

  registry.npmmirror.com/encoding-japanese@2.0.0:
    resolution: {integrity: sha512-++P0RhebUC8MJAwJOsT93dT+5oc5oPImp1HubZpAuCZ5kTLnhuuBhKHj2jJeO/Gj93idPBWmIuQ9QWMe5rX3pQ==, registry: https://registry.npm.taobao.org/, tarball: https://registry.npmmirror.com/encoding-japanese/-/encoding-japanese-2.0.0.tgz}
    name: encoding-japanese
    version: 2.0.0
    engines: {node: '>=8.10.0'}
    dev: false

  registry.npmmirror.com/entities@4.5.0:
    resolution: {integrity: sha512-V0hjH4dGPh9Ao5p0MoRY6BVqtwCjhz6vI5LT8AJ55H+4g9/4vbHx1I54fS0XuclLhDHArPQCiMjDxjaL8fPxhw==, registry: https://registry.npm.taobao.org/, tarball: https://registry.npmmirror.com/entities/-/entities-4.5.0.tgz}
    name: entities
    version: 4.5.0
    engines: {node: '>=0.12'}
    dev: false

  registry.npmmirror.com/he@1.2.0:
    resolution: {integrity: sha512-F/1DnUGPopORZi0ni+CvrCgHQ5FyEAHRLSApuYWMmrbSwoN2Mn/7k+Gl38gJnR7yyDZk6WLXwiGod1JOWNDKGw==, registry: https://registry.npm.taobao.org/, tarball: https://registry.npmmirror.com/he/-/he-1.2.0.tgz}
    name: he
    version: 1.2.0
    hasBin: true
    dev: false

  registry.npmmirror.com/html-to-text@9.0.5:
    resolution: {integrity: sha512-qY60FjREgVZL03vJU6IfMV4GDjGBIoOyvuFdpBDIX9yTlDw0TjxVBQp+P8NvpdIXNJvfWBTNul7fsAQJq2FNpg==, registry: https://registry.npm.taobao.org/, tarball: https://registry.npmmirror.com/html-to-text/-/html-to-text-9.0.5.tgz}
    name: html-to-text
    version: 9.0.5
    engines: {node: '>=14'}
    dependencies:
      '@selderee/plugin-htmlparser2': registry.npmmirror.com/@selderee/plugin-htmlparser2@0.11.0
      deepmerge: registry.npmmirror.com/deepmerge@4.3.1
      dom-serializer: registry.npmmirror.com/dom-serializer@2.0.0
      htmlparser2: registry.npmmirror.com/htmlparser2@8.0.2
      selderee: registry.npmmirror.com/selderee@0.11.0
    dev: false

  registry.npmmirror.com/htmlparser2@8.0.2:
    resolution: {integrity: sha512-GYdjWKDkbRLkZ5geuHs5NY1puJ+PXwP7+fHPRz06Eirsb9ugf6d8kkXav6ADhcODhFFPMIXyxkxSuMf3D6NCFA==, registry: https://registry.npm.taobao.org/, tarball: https://registry.npmmirror.com/htmlparser2/-/htmlparser2-8.0.2.tgz}
    name: htmlparser2
    version: 8.0.2
    dependencies:
      domelementtype: registry.npmmirror.com/domelementtype@2.3.0
      domhandler: registry.npmmirror.com/domhandler@5.0.3
      domutils: registry.npmmirror.com/domutils@3.1.0
      entities: registry.npmmirror.com/entities@4.5.0
    dev: false

  registry.npmmirror.com/iconv-lite@0.6.3:
    resolution: {integrity: sha512-4fCk79wshMdzMp2rH06qWrJE4iolqLhCUH+OiuIgU++RB0+94NlDL81atO7GX55uUKueo0txHNtvEyI6D7WdMw==, registry: https://registry.npm.taobao.org/, tarball: https://registry.npmmirror.com/iconv-lite/-/iconv-lite-0.6.3.tgz}
    name: iconv-lite
    version: 0.6.3
    engines: {node: '>=0.10.0'}
    dependencies:
      safer-buffer: registry.npmmirror.com/safer-buffer@2.1.2
    dev: false

  registry.npmmirror.com/imap@0.8.19:
    resolution: {integrity: sha512-z5DxEA1uRnZG73UcPA4ES5NSCGnPuuouUx43OPX7KZx1yzq3N8/vx2mtXEShT5inxB3pRgnfG1hijfu7XN2YMw==, registry: https://registry.npm.taobao.org/, tarball: https://registry.npmmirror.com/imap/-/imap-0.8.19.tgz}
    name: imap
    version: 0.8.19
    engines: {node: '>=0.8.0'}
    dependencies:
      readable-stream: registry.npmmirror.com/readable-stream@1.1.14
      utf7: registry.npmmirror.com/utf7@1.0.2
    dev: false

  registry.npmmirror.com/inherits@2.0.4:
    resolution: {integrity: sha512-k/vGaX4/Yla3WzyMCvTQOXYeIHvqOKtnqBduzTHpzpQZzAskKMhZ2K+EnBiSM9zGSoIFeMpXKxa4dYeZIQqewQ==, registry: https://registry.npm.taobao.org/, tarball: https://registry.npmmirror.com/inherits/-/inherits-2.0.4.tgz}
    name: inherits
    version: 2.0.4
    dev: false

  registry.npmmirror.com/isarray@0.0.1:
    resolution: {integrity: sha512-D2S+3GLxWH+uhrNEcoh/fnmYeP8E8/zHl644d/jdA0g2uyXvy3sb0qxotE+ne0LtccHknQzWwZEzhak7oJ0COQ==, registry: https://registry.npm.taobao.org/, tarball: https://registry.npmmirror.com/isarray/-/isarray-0.0.1.tgz}
    name: isarray
    version: 0.0.1
    dev: false

  registry.npmmirror.com/leac@0.6.0:
    resolution: {integrity: sha512-y+SqErxb8h7nE/fiEX07jsbuhrpO9lL8eca7/Y1nuWV2moNlXhyd59iDGcRf6moVyDMbmTNzL40SUyrFU/yDpg==, registry: https://registry.npm.taobao.org/, tarball: https://registry.npmmirror.com/leac/-/leac-0.6.0.tgz}
    name: leac
    version: 0.6.0
    dev: false

  registry.npmmirror.com/libbase64@1.2.1:
    resolution: {integrity: sha512-l+nePcPbIG1fNlqMzrh68MLkX/gTxk/+vdvAb388Ssi7UuUN31MI44w4Yf33mM3Cm4xDfw48mdf3rkdHszLNew==, registry: https://registry.npm.taobao.org/, tarball: https://registry.npmmirror.com/libbase64/-/libbase64-1.2.1.tgz}
    name: libbase64
    version: 1.2.1
    dev: false

  registry.npmmirror.com/libmime@5.2.0:
    resolution: {integrity: sha512-X2U5Wx0YmK0rXFbk67ASMeqYIkZ6E5vY7pNWRKtnNzqjvdYYG8xtPDpCnuUEnPU9vlgNev+JoSrcaKSUaNvfsw==, registry: https://registry.npm.taobao.org/, tarball: https://registry.npmmirror.com/libmime/-/libmime-5.2.0.tgz}
    name: libmime
    version: 5.2.0
    dependencies:
      encoding-japanese: registry.npmmirror.com/encoding-japanese@2.0.0
      iconv-lite: registry.npmmirror.com/iconv-lite@0.6.3
      libbase64: registry.npmmirror.com/libbase64@1.2.1
      libqp: registry.npmmirror.com/libqp@2.0.1
    dev: false

  registry.npmmirror.com/libmime@5.2.1:
    resolution: {integrity: sha512-A0z9O4+5q+ZTj7QwNe/Juy1KARNb4WaviO4mYeFC4b8dBT2EEqK2pkM+GC8MVnkOjqhl5nYQxRgnPYRRTNmuSQ==, registry: https://registry.npm.taobao.org/, tarball: https://registry.npmmirror.com/libmime/-/libmime-5.2.1.tgz}
    name: libmime
    version: 5.2.1
    dependencies:
      encoding-japanese: registry.npmmirror.com/encoding-japanese@2.0.0
      iconv-lite: registry.npmmirror.com/iconv-lite@0.6.3
      libbase64: registry.npmmirror.com/libbase64@1.2.1
      libqp: registry.npmmirror.com/libqp@2.0.1
    dev: false

  registry.npmmirror.com/libqp@2.0.1:
    resolution: {integrity: sha512-Ka0eC5LkF3IPNQHJmYBWljJsw0UvM6j+QdKRbWyCdTmYwvIDE6a7bCm0UkTAL/K+3KXK5qXT/ClcInU01OpdLg==, registry: https://registry.npm.taobao.org/, tarball: https://registry.npmmirror.com/libqp/-/libqp-2.0.1.tgz}
    name: libqp
    version: 2.0.1
    dev: false

  registry.npmmirror.com/linkify-it@4.0.1:
    resolution: {integrity: sha512-C7bfi1UZmoj8+PQx22XyeXCuBlokoyWQL5pWSP+EI6nzRylyThouddufc2c1NDIcP9k5agmN9fLpA7VNJfIiqw==, registry: https://registry.npm.taobao.org/, tarball: https://registry.npmmirror.com/linkify-it/-/linkify-it-4.0.1.tgz}
    name: linkify-it
    version: 4.0.1
    dependencies:
      uc.micro: registry.npmmirror.com/uc.micro@1.0.6
    dev: false

  registry.npmmirror.com/mailparser@3.6.5:
    resolution: {integrity: sha512-nteTpF0Khm5JLOnt4sigmzNdUH/6mO7PZ4KEnvxf4mckyXYFFhrtAWZzbq/V5aQMH+049gA7ZjfLdh+QiX2Uqg==, registry: https://registry.npm.taobao.org/, tarball: https://registry.npmmirror.com/mailparser/-/mailparser-3.6.5.tgz}
    name: mailparser
    version: 3.6.5
    dependencies:
      encoding-japanese: registry.npmmirror.com/encoding-japanese@2.0.0
      he: registry.npmmirror.com/he@1.2.0
      html-to-text: registry.npmmirror.com/html-to-text@9.0.5
      iconv-lite: registry.npmmirror.com/iconv-lite@0.6.3
      libmime: registry.npmmirror.com/libmime@5.2.1
      linkify-it: registry.npmmirror.com/linkify-it@4.0.1
      mailsplit: registry.npmmirror.com/mailsplit@5.4.0
      nodemailer: registry.npmmirror.com/nodemailer@6.9.3
      tlds: registry.npmmirror.com/tlds@1.240.0
    dev: false

  registry.npmmirror.com/mailsplit@5.4.0:
    resolution: {integrity: sha512-wnYxX5D5qymGIPYLwnp6h8n1+6P6vz/MJn5AzGjZ8pwICWssL+CCQjWBIToOVHASmATot4ktvlLo6CyLfOXWYA==, registry: https://registry.npm.taobao.org/, tarball: https://registry.npmmirror.com/mailsplit/-/mailsplit-5.4.0.tgz}
    name: mailsplit
    version: 5.4.0
    dependencies:
      libbase64: registry.npmmirror.com/libbase64@1.2.1
      libmime: registry.npmmirror.com/libmime@5.2.0
      libqp: registry.npmmirror.com/libqp@2.0.1
    dev: false

  registry.npmmirror.com/nodemailer@6.9.3:
    resolution: {integrity: sha512-fy9v3NgTzBngrMFkDsKEj0r02U7jm6XfC3b52eoNV+GCrGj+s8pt5OqhiJdWKuw51zCTdiNR/IUD1z33LIIGpg==, registry: https://registry.npm.taobao.org/, tarball: https://registry.npmmirror.com/nodemailer/-/nodemailer-6.9.3.tgz}
    name: nodemailer
    version: 6.9.3
    engines: {node: '>=6.0.0'}
    dev: false

  registry.npmmirror.com/nodemailer@6.9.5:
    resolution: {integrity: sha512-/dmdWo62XjumuLc5+AYQZeiRj+PRR8y8qKtFCOyuOl1k/hckZd8durUUHs/ucKx6/8kN+wFxqKJlQ/LK/qR5FA==, registry: https://registry.npm.taobao.org/, tarball: https://registry.npmmirror.com/nodemailer/-/nodemailer-6.9.5.tgz}
    name: nodemailer
    version: 6.9.5
    engines: {node: '>=6.0.0'}
    dev: false

  registry.npmmirror.com/parseley@0.12.1:
    resolution: {integrity: sha512-e6qHKe3a9HWr0oMRVDTRhKce+bRO8VGQR3NyVwcjwrbhMmFCX9KszEV35+rn4AdilFAq9VPxP/Fe1wC9Qjd2lw==, registry: https://registry.npm.taobao.org/, tarball: https://registry.npmmirror.com/parseley/-/parseley-0.12.1.tgz}
    name: parseley
    version: 0.12.1
    dependencies:
      leac: registry.npmmirror.com/leac@0.6.0
      peberminta: registry.npmmirror.com/peberminta@0.9.0
    dev: false

  registry.npmmirror.com/peberminta@0.9.0:
    resolution: {integrity: sha512-XIxfHpEuSJbITd1H3EeQwpcZbTLHc+VVr8ANI9t5sit565tsI4/xK3KWTUFE2e6QiangUkh3B0jihzmGnNrRsQ==, registry: https://registry.npm.taobao.org/, tarball: https://registry.npmmirror.com/peberminta/-/peberminta-0.9.0.tgz}
    name: peberminta
    version: 0.9.0
    dev: false

  registry.npmmirror.com/readable-stream@1.1.14:
    resolution: {integrity: sha512-+MeVjFf4L44XUkhM1eYbD8fyEsxcV81pqMSR5gblfcLCHfZvbrqy4/qYHE+/R5HoBUT11WV5O08Cr1n3YXkWVQ==, registry: https://registry.npm.taobao.org/, tarball: https://registry.npmmirror.com/readable-stream/-/readable-stream-1.1.14.tgz}
    name: readable-stream
    version: 1.1.14
    dependencies:
      core-util-is: registry.npmmirror.com/core-util-is@1.0.3
      inherits: registry.npmmirror.com/inherits@2.0.4
      isarray: registry.npmmirror.com/isarray@0.0.1
      string_decoder: registry.npmmirror.com/string_decoder@0.10.31
    dev: false

  registry.npmmirror.com/safer-buffer@2.1.2:
    resolution: {integrity: sha512-YZo3K82SD7Riyi0E1EQPojLz7kpepnSQI9IyPbHHg1XXXevb5dJI7tpyN2ADxGcQbHG7vcyRHk0cbwqcQriUtg==, registry: https://registry.npm.taobao.org/, tarball: https://registry.npmmirror.com/safer-buffer/-/safer-buffer-2.1.2.tgz}
    name: safer-buffer
    version: 2.1.2
    dev: false

  registry.npmmirror.com/selderee@0.11.0:
    resolution: {integrity: sha512-5TF+l7p4+OsnP8BCCvSyZiSPc4x4//p5uPwK8TCnVPJYRmU2aYKMpOXvw8zM5a5JvuuCGN1jmsMwuU2W02ukfA==, registry: https://registry.npm.taobao.org/, tarball: https://registry.npmmirror.com/selderee/-/selderee-0.11.0.tgz}
    name: selderee
    version: 0.11.0
    dependencies:
      parseley: registry.npmmirror.com/parseley@0.12.1
    dev: false

  registry.npmmirror.com/semver@5.3.0:
    resolution: {integrity: sha512-mfmm3/H9+67MCVix1h+IXTpDwL6710LyHuk7+cWC9T1mE0qz4iHhh6r4hU2wrIT9iTsAAC2XQRvfblL028cpLw==, registry: https://registry.npm.taobao.org/, tarball: https://registry.npmmirror.com/semver/-/semver-5.3.0.tgz}
    name: semver
    version: 5.3.0
    hasBin: true
    dev: false

  registry.npmmirror.com/string_decoder@0.10.31:
    resolution: {integrity: sha512-ev2QzSzWPYmy9GuqfIVildA4OdcGLeFZQrq5ys6RtiuF+RQQiZWr8TZNyAcuVXyQRYfEO+MsoB/1BuQVhOJuoQ==, registry: https://registry.npm.taobao.org/, tarball: https://registry.npmmirror.com/string_decoder/-/string_decoder-0.10.31.tgz}
    name: string_decoder
    version: 0.10.31
    dev: false

  registry.npmmirror.com/tlds@1.240.0:
    resolution: {integrity: sha512-1OYJQenswGZSOdRw7Bql5Qu7uf75b+F3HFBXbqnG/ifHa0fev1XcG+3pJf3pA/KC6RtHQzfKgIf1vkMlMG7mtQ==, registry: https://registry.npm.taobao.org/, tarball: https://registry.npmmirror.com/tlds/-/tlds-1.240.0.tgz}
    name: tlds
    version: 1.240.0
    hasBin: true
    dev: false

  registry.npmmirror.com/uc.micro@1.0.6:
    resolution: {integrity: sha512-8Y75pvTYkLJW2hWQHXxoqRgV7qb9B+9vFEtidML+7koHUFapnVJAZ6cKs+Qjz5Aw3aZWHMC6u0wJE3At+nSGwA==, registry: https://registry.npm.taobao.org/, tarball: https://registry.npmmirror.com/uc.micro/-/uc.micro-1.0.6.tgz}
    name: uc.micro
    version: 1.0.6
    dev: false

  registry.npmmirror.com/utf7@1.0.2:
    resolution: {integrity: sha512-qQrPtYLLLl12NF4DrM9CvfkxkYI97xOb5dsnGZHE3teFr0tWiEZ9UdgMPczv24vl708cYMpe6mGXGHrotIp3Bw==, registry: https://registry.npm.taobao.org/, tarball: https://registry.npmmirror.com/utf7/-/utf7-1.0.2.tgz}
    name: utf7
    version: 1.0.2
    dependencies:
      semver: registry.npmmirror.com/semver@5.3.0
    dev: false
